
Microsoft Visual Studio Solution File, Format Version 12.00
# Visual Studio Version 16
VisualStudioVersion = 16.0.31129.286
MinimumVisualStudioVersion = 10.0.40219.1
Project("{9A19103F-16F7-4668-BE54-9A1E7A4F7556}") = "FormBuilder", "FormBuilder.csproj", "{DF8637ED-FB7C-42A1-8406-FDB3F4DF400E}"
EndProject
Global
	GlobalSection(SolutionConfigurationPlatforms) = preSolution
		Debug|Any CPU = Debug|Any CPU
		Release|Any CPU = Release|Any CPU
	EndGlobalSection
	GlobalSection(ProjectConfigurationPlatforms) = postSolution
		{DF8637ED-FB7C-42A1-8406-FDB3F4DF400E}.Debug|Any CPU.ActiveCfg = Debug|Any CPU
		{DF8637ED-FB7C-42A1-8406-FDB3F4DF400E}.Debug|Any CPU.Build.0 = Debug|Any CPU
		{DF8637ED-FB7C-42A1-8406-FDB3F4DF400E}.Release|Any CPU.ActiveCfg = Release|Any CPU
		{DF8637ED-FB7C-42A1-8406-FDB3F4DF400E}.Release|Any CPU.Build.0 = Release|Any CPU
	EndGlobalSection
	GlobalSection(SolutionProperties) = preSolution
		HideSolutionNode = FALSE
	EndGlobalSection
	GlobalSection(ExtensibilityGlobals) = postSolution
		SolutionGuid = {12F6C8EF-4DE0-4E7F-849B-C08706BB96D0}
	EndGlobalSection
EndGlobal
